
Microsoft Visual Studio Solution File, Format Version 11.00
# Visual Studio 2010
Project("{FAE04EC0-301F-11D3-BF4B-00C04F79EFBC}") = "JQueryPlayground", "JQueryPlayground\JQueryPlayground.csproj", "{0D41F7BA-621C-4D26-A91F-F89CDE41B1DE}"
EndProject
Project("{FAE04EC0-301F-11D3-BF4B-00C04F79EFBC}") = "MovieService", "MovieService\MovieService.csproj", "{4908285F-26E6-4F5F-BBC9-257ACF23A985}"
EndProject
Global
	GlobalSection(SolutionConfigurationPlatforms) = preSolution
		Debug|Any CPU = Debug|Any CPU
		Release|Any CPU = Release|Any CPU
	EndGlobalSection
	GlobalSection(ProjectConfigurationPlatforms) = postSolution
		{0D41F7BA-621C-4D26-A91F-F89CDE41B1DE}.Debug|Any CPU.ActiveCfg = Debug|Any CPU
		{0D41F7BA-621C-4D26-A91F-F89CDE41B1DE}.Debug|Any CPU.Build.0 = Debug|Any CPU
		{0D41F7BA-621C-4D26-A91F-F89CDE41B1DE}.Release|Any CPU.ActiveCfg = Release|Any CPU
		{0D41F7BA-621C-4D26-A91F-F89CDE41B1DE}.Release|Any CPU.Build.0 = Release|Any CPU
		{4908285F-26E6-4F5F-BBC9-257ACF23A985}.Debug|Any CPU.ActiveCfg = Debug|Any CPU
		{4908285F-26E6-4F5F-BBC9-257ACF23A985}.Debug|Any CPU.Build.0 = Debug|Any CPU
		{4908285F-26E6-4F5F-BBC9-257ACF23A985}.Release|Any CPU.ActiveCfg = Release|Any CPU
		{4908285F-26E6-4F5F-BBC9-257ACF23A985}.Release|Any CPU.Build.0 = Release|Any CPU
	EndGlobalSection
	GlobalSection(SolutionProperties) = preSolution
		HideSolutionNode = FALSE
	EndGlobalSection
EndGlobal
